# THIS IS AN AUTOGENERATED FILE. DO NOT EDIT THIS FILE DIRECTLY.
# yarn lockfile v1


"@adyen/adyen-web@^5.6.1":
  version "5.6.1"
  resolved "https://registry.yarnpkg.com/@adyen/adyen-web/-/adyen-web-5.6.1.tgz#1471858ee8526e41a26ffada2d331e63f2153e9f"
  integrity sha512-YjgAAqrquCmjcZ5L1QhwIWZ2ci8WNsr5lQiVwf08I8BO3v/Ce1fzNsXUZnSDrxdNccWvko67ibycMfVtfZ8dRg==
  dependencies:
    "@babel/runtime" "^7.15.4"
    "@babel/runtime-corejs3" "^7.16.3"
    "@types/applepayjs" "^3.0.2"
    "@types/googlepay" "^0.6.2"
    classnames "^2.3.1"
    core-js-pure "^3.18.1"
    preact "^10.5.13"

"@babel/runtime-corejs3@^7.16.3":
  version "7.16.8"
  resolved "https://registry.yarnpkg.com/@babel/runtime-corejs3/-/runtime-corejs3-7.16.8.tgz#ea533d96eda6fdc76b1812248e9fbd0c11d4a1a7"
  integrity sha512-3fKhuICS1lMz0plI5ktOE/yEtBRMVxplzRkdn6mJQ197XiY0JnrzYV0+Mxozq3JZ8SBV9Ecurmw1XsGbwOf+Sg==
  dependencies:
    core-js-pure "^3.20.2"
    regenerator-runtime "^0.13.4"

"@babel/runtime@^7.15.4":
  version "7.16.7"
  resolved "https://registry.yarnpkg.com/@babel/runtime/-/runtime-7.16.7.tgz#03ff99f64106588c9c403c6ecb8c3bafbbdff1fa"
  integrity sha512-9E9FJowqAsytyOY6LG+1KuueckRL+aQW+mKvXRXnuFGyRAyepJPmEo9vgMfXUA6O9u3IeEdv9MAkppFcaQwogQ==
  dependencies:
    regenerator-runtime "^0.13.4"

"@types/applepayjs@^3.0.2":
  version "3.0.3"
  resolved "https://registry.yarnpkg.com/@types/applepayjs/-/applepayjs-3.0.3.tgz#60553647487ddddf75797e83fc6a13774c352725"
  integrity sha512-8hHE87c/JN/BebRDYzkOWIuTkuB1JHaQUEaQd1atNn/9FQb6s9iEpptAcugxbvQL1ykE0czQgEkUAyVVtR8Jzw==

"@types/googlepay@^0.6.2":
  version "0.6.3"
  resolved "https://registry.yarnpkg.com/@types/googlepay/-/googlepay-0.6.3.tgz#4e716556b904c9af5263255bf872b81ee4073d4d"
  integrity sha512-mA9d9UoSAKbfcP3xYvTtpyBTxFytu1bwjquy8oZdZPG8z0xnfQwtmTI4F44ptyz8OBWiCmvBj8QR0Rb2D/hQXg==

classnames@^2.3.1:
  version "2.3.1"
  resolved "https://registry.yarnpkg.com/classnames/-/classnames-2.3.1.tgz#dfcfa3891e306ec1dad105d0e88f4417b8535e8e"
  integrity sha512-OlQdbZ7gLfGarSqxesMesDa5uz7KFbID8Kpq/SxIoNGDqY8lSYs0D+hhtBXhcdB3rcbXArFr7vlHheLk1voeNA==

core-js-pure@^3.18.1, core-js-pure@^3.20.2:
  version "3.20.3"
  resolved "https://registry.yarnpkg.com/core-js-pure/-/core-js-pure-3.20.3.tgz#6cc4f36da06c61d95254efc54024fe4797fd5d02"
  integrity sha512-Q2H6tQ5MtPtcC7f3HxJ48i4Q7T9ybPKgvWyuH7JXIoNa2pm0KuBnycsET/qw1SLLZYfbsbrZQNMeIOClb+6WIA==

preact@^10.5.13:
  version "10.6.4"
  resolved "https://registry.yarnpkg.com/preact/-/preact-10.6.4.tgz#ad12c409ff1b4316158486e0a7b8d43636f7ced8"
  integrity sha512-WyosM7pxGcndU8hY0OQlLd54tOU+qmG45QXj2dAYrL11HoyU/EzOSTlpJsirbBr1QW7lICxSsVJJmcmUglovHQ==

regenerator-runtime@^0.13.4:
  version "0.13.9"
  resolved "https://registry.yarnpkg.com/regenerator-runtime/-/regenerator-runtime-0.13.9.tgz#8925742a98ffd90814988d7566ad30ca3b263b52"
  integrity sha512-p3VT+cOEgxFsRRA9X4lkI1E+k2/CtnKtU4gcxyaCUreilL/vqI6CdZ3wxVUx3UOUg+gnUOQQcRI7BmSI656MYA==
